
Microsoft Visual Studio Solution File, Format Version 12.00
# Visual Studio Version 16
VisualStudioVersion = 16.0.31829.152
MinimumVisualStudioVersion = 10.0.40219.1
Project("{FAE04EC0-301F-11D3-BF4B-00C04F79EFBC}") = "zadanie5", "zadanie5\zadanie5.csproj", "{C85F5143-C943-4CBF-858E-C54A5043F13B}"
EndProject
Global
	GlobalSection(SolutionConfigurationPlatforms) = preSolution
		Debug|Any CPU = Debug|Any CPU
		Release|Any CPU = Release|Any CPU
	EndGlobalSection
	GlobalSection(ProjectConfigurationPlatforms) = postSolution
		{C85F5143-C943-4CBF-858E-C54A5043F13B}.Debug|Any CPU.ActiveCfg = Debug|Any CPU
		{C85F5143-C943-4CBF-858E-C54A5043F13B}.Debug|Any CPU.Build.0 = Debug|Any CPU
		{C85F5143-C943-4CBF-858E-C54A5043F13B}.Release|Any CPU.ActiveCfg = Release|Any CPU
		{C85F5143-C943-4CBF-858E-C54A5043F13B}.Release|Any CPU.Build.0 = Release|Any CPU
	EndGlobalSection
	GlobalSection(SolutionProperties) = preSolution
		HideSolutionNode = FALSE
	EndGlobalSection
	GlobalSection(ExtensibilityGlobals) = postSolution
		SolutionGuid = {2A0C0041-3025-491E-B856-F44660F5ABE4}
	EndGlobalSection
EndGlobal
