
Microsoft Visual Studio Solution File, Format Version 12.00
# Visual Studio Version 16
VisualStudioVersion = 16.0.31829.152
MinimumVisualStudioVersion = 10.0.40219.1
Project("{FAE04EC0-301F-11D3-BF4B-00C04F79EFBC}") = "zadanie1", "zadanie1\zadanie1.csproj", "{1AE6B4BD-9AD2-4FB9-BF48-215D406A0FAE}"
EndProject
Global
	GlobalSection(SolutionConfigurationPlatforms) = preSolution
		Debug|Any CPU = Debug|Any CPU
		Release|Any CPU = Release|Any CPU
	EndGlobalSection
	GlobalSection(ProjectConfigurationPlatforms) = postSolution
		{1AE6B4BD-9AD2-4FB9-BF48-215D406A0FAE}.Debug|Any CPU.ActiveCfg = Debug|Any CPU
		{1AE6B4BD-9AD2-4FB9-BF48-215D406A0FAE}.Debug|Any CPU.Build.0 = Debug|Any CPU
		{1AE6B4BD-9AD2-4FB9-BF48-215D406A0FAE}.Release|Any CPU.ActiveCfg = Release|Any CPU
		{1AE6B4BD-9AD2-4FB9-BF48-215D406A0FAE}.Release|Any CPU.Build.0 = Release|Any CPU
	EndGlobalSection
	GlobalSection(SolutionProperties) = preSolution
		HideSolutionNode = FALSE
	EndGlobalSection
	GlobalSection(ExtensibilityGlobals) = postSolution
		SolutionGuid = {218A7725-2FF4-4504-B5EF-781767F03B5C}
	EndGlobalSection
EndGlobal
