
Microsoft Visual Studio Solution File, Format Version 12.00
# Visual Studio Version 16
VisualStudioVersion = 16.0.31829.152
MinimumVisualStudioVersion = 10.0.40219.1
Project("{FAE04EC0-301F-11D3-BF4B-00C04F79EFBC}") = "zadanie2", "zadanie2\zadanie2.csproj", "{2C12542C-BB25-40B0-B4B0-11BF818AF620}"
EndProject
Global
	GlobalSection(SolutionConfigurationPlatforms) = preSolution
		Debug|Any CPU = Debug|Any CPU
		Release|Any CPU = Release|Any CPU
	EndGlobalSection
	GlobalSection(ProjectConfigurationPlatforms) = postSolution
		{2C12542C-BB25-40B0-B4B0-11BF818AF620}.Debug|Any CPU.ActiveCfg = Debug|Any CPU
		{2C12542C-BB25-40B0-B4B0-11BF818AF620}.Debug|Any CPU.Build.0 = Debug|Any CPU
		{2C12542C-BB25-40B0-B4B0-11BF818AF620}.Release|Any CPU.ActiveCfg = Release|Any CPU
		{2C12542C-BB25-40B0-B4B0-11BF818AF620}.Release|Any CPU.Build.0 = Release|Any CPU
	EndGlobalSection
	GlobalSection(SolutionProperties) = preSolution
		HideSolutionNode = FALSE
	EndGlobalSection
	GlobalSection(ExtensibilityGlobals) = postSolution
		SolutionGuid = {BF3B17DE-8864-41B9-B932-1E293F520ECC}
	EndGlobalSection
EndGlobal
